
Microsoft Visual Studio Solution File, Format Version 12.00
# Visual Studio Version 17
VisualStudioVersion = 17.0.31903.59
MinimumVisualStudioVersion = 10.0.40219.1
Project("{FAE04EC0-301F-11D3-BF4B-00C04F79EFBC}") = "Sapphire.Extensions", "Sapphire.Extensions\Sapphire.Extensions.csproj", "{A5A24096-4F67-477B-9C2E-5C391D8C73F7}"
EndProject
Project("{2150E333-8FDC-42A3-9474-1A3956D46DE8}") = "Extensions", "Extensions", "{C462AFEE-14BE-44DC-B7D1-CD7D0FD1C393}"
EndProject
Project("{2150E333-8FDC-42A3-9474-1A3956D46DE8}") = "Common", "Common", "{BD78A448-1FD0-46D2-A033-2C5F1C3FF403}"
EndProject
Project("{FAE04EC0-301F-11D3-BF4B-00C04F79EFBC}") = "Sapphire.Common", "Sapphire.Common\Sapphire.Common.csproj", "{C77E1400-4332-4D7B-87BA-5DD7E9DE49EE}"
EndProject
Project("{2150E333-8FDC-42A3-9474-1A3956D46DE8}") = "Program", "Program", "{88922E89-D1D2-4707-8A4B-96788D7F7DDD}"
EndProject
Project("{FAE04EC0-301F-11D3-BF4B-00C04F79EFBC}") = "Sapphire.Web", "Sapphire.Web\Sapphire.Web.csproj", "{4C3870AF-86D4-4378-AE8C-85F9988B2D1B}"
EndProject
Global
	GlobalSection(SolutionConfigurationPlatforms) = preSolution
		Debug|Any CPU = Debug|Any CPU
		Release|Any CPU = Release|Any CPU
	EndGlobalSection
	GlobalSection(ProjectConfigurationPlatforms) = postSolution
		{A5A24096-4F67-477B-9C2E-5C391D8C73F7}.Debug|Any CPU.ActiveCfg = Debug|Any CPU
		{A5A24096-4F67-477B-9C2E-5C391D8C73F7}.Debug|Any CPU.Build.0 = Debug|Any CPU
		{A5A24096-4F67-477B-9C2E-5C391D8C73F7}.Release|Any CPU.ActiveCfg = Release|Any CPU
		{A5A24096-4F67-477B-9C2E-5C391D8C73F7}.Release|Any CPU.Build.0 = Release|Any CPU
		{C77E1400-4332-4D7B-87BA-5DD7E9DE49EE}.Debug|Any CPU.ActiveCfg = Debug|Any CPU
		{C77E1400-4332-4D7B-87BA-5DD7E9DE49EE}.Debug|Any CPU.Build.0 = Debug|Any CPU
		{C77E1400-4332-4D7B-87BA-5DD7E9DE49EE}.Release|Any CPU.ActiveCfg = Release|Any CPU
		{C77E1400-4332-4D7B-87BA-5DD7E9DE49EE}.Release|Any CPU.Build.0 = Release|Any CPU
		{4C3870AF-86D4-4378-AE8C-85F9988B2D1B}.Debug|Any CPU.ActiveCfg = Debug|Any CPU
		{4C3870AF-86D4-4378-AE8C-85F9988B2D1B}.Debug|Any CPU.Build.0 = Debug|Any CPU
		{4C3870AF-86D4-4378-AE8C-85F9988B2D1B}.Release|Any CPU.ActiveCfg = Release|Any CPU
		{4C3870AF-86D4-4378-AE8C-85F9988B2D1B}.Release|Any CPU.Build.0 = Release|Any CPU
	EndGlobalSection
	GlobalSection(SolutionProperties) = preSolution
		HideSolutionNode = FALSE
	EndGlobalSection
	GlobalSection(NestedProjects) = preSolution
		{A5A24096-4F67-477B-9C2E-5C391D8C73F7} = {C462AFEE-14BE-44DC-B7D1-CD7D0FD1C393}
		{C77E1400-4332-4D7B-87BA-5DD7E9DE49EE} = {BD78A448-1FD0-46D2-A033-2C5F1C3FF403}
		{4C3870AF-86D4-4378-AE8C-85F9988B2D1B} = {88922E89-D1D2-4707-8A4B-96788D7F7DDD}
	EndGlobalSection
	GlobalSection(ExtensibilityGlobals) = postSolution
		SolutionGuid = {43D5D622-EB52-42EA-801B-7B2FB76EABEB}
	EndGlobalSection
EndGlobal
